
Microsoft Visual Studio Solution File, Format Version 12.00
# Visual Studio Version 17
VisualStudioVersion = 17.7.34031.279
MinimumVisualStudioVersion = 10.0.40219.1
Project("{FAE04EC0-301F-11D3-BF4B-00C04F79EFBC}") = "Lab9-1", "Lab9-1\Lab9-1.csproj", "{6E848CA5-B2A1-499D-88B6-273805FBA717}"
EndProject
Global
	GlobalSection(SolutionConfigurationPlatforms) = preSolution
		Debug|Any CPU = Debug|Any CPU
		Release|Any CPU = Release|Any CPU
	EndGlobalSection
	GlobalSection(ProjectConfigurationPlatforms) = postSolution
		{6E848CA5-B2A1-499D-88B6-273805FBA717}.Debug|Any CPU.ActiveCfg = Debug|Any CPU
		{6E848CA5-B2A1-499D-88B6-273805FBA717}.Debug|Any CPU.Build.0 = Debug|Any CPU
		{6E848CA5-B2A1-499D-88B6-273805FBA717}.Release|Any CPU.ActiveCfg = Release|Any CPU
		{6E848CA5-B2A1-499D-88B6-273805FBA717}.Release|Any CPU.Build.0 = Release|Any CPU
	EndGlobalSection
	GlobalSection(SolutionProperties) = preSolution
		HideSolutionNode = FALSE
	EndGlobalSection
	GlobalSection(ExtensibilityGlobals) = postSolution
		SolutionGuid = {7130C830-2E5F-43F4-BA49-912C26A8CE46}
	EndGlobalSection
EndGlobal
